
Microsoft Visual Studio Solution File, Format Version 12.00
# Visual Studio 15
VisualStudioVersion = 15.0.27004.2002
MinimumVisualStudioVersion = 10.0.40219.1
Project("{2150E333-8FDC-42A3-9474-1A3956D46DE8}") = "Common", "Common", "{8CEAFF38-B983-4DCC-A298-BF9412121370}"
EndProject
Project("{9A19103F-16F7-4668-BE54-9A1E7A4F7556}") = "TUI.Flights.Common", "TUI.Flights.Common\TUI.Flights.Common.csproj", "{A4B19B18-E4AE-4DE5-9D16-F2A87EA82D77}"
EndProject
Project("{2150E333-8FDC-42A3-9474-1A3956D46DE8}") = "Core", "Core", "{03E32CC2-1770-4572-9C41-002C35D0FF5F}"
EndProject
Project("{2150E333-8FDC-42A3-9474-1A3956D46DE8}") = "Infrastructure", "Infrastructure", "{294D68F9-BDEE-4B73-AFBC-329D7DA6ACEB}"
EndProject
Project("{9A19103F-16F7-4668-BE54-9A1E7A4F7556}") = "TUI.Flights.Core", "TUI.Flights.Core\TUI.Flights.Core.csproj", "{7D853C15-6969-49B5-B499-8EA62DF215F8}"
EndProject
Project("{9A19103F-16F7-4668-BE54-9A1E7A4F7556}") = "TUI.Flights.Infrastructure", "TUI.Flights.Infrastructure\TUI.Flights.Infrastructure.csproj", "{30FBBDEE-DC2A-448D-A6DE-95BD8E3F4B43}"
EndProject
Project("{9A19103F-16F7-4668-BE54-9A1E7A4F7556}") = "TUI.Flights.Infrastructure.Tests", "TUI.Flights.Infrastructure.Tests\TUI.Flights.Infrastructure.Tests.csproj", "{66A5B82F-5C00-4570-9854-90827E64DF96}"
EndProject
Project("{9A19103F-16F7-4668-BE54-9A1E7A4F7556}") = "TUI.Flights.Core.Tests", "TUI.Flights.Core.Tests\TUI.Flights.Core.Tests.csproj", "{663E96E1-8BD2-4497-80B7-DFA08BCDD62E}"
EndProject
Project("{9A19103F-16F7-4668-BE54-9A1E7A4F7556}") = "TUI.Flights.Web", "TUI.Flights.Web\TUI.Flights.Web.csproj", "{A5B67973-C921-4E78-8CBC-62AD8AF247D9}"
EndProject
Project("{FAE04EC0-301F-11D3-BF4B-00C04F79EFBC}") = "TUI.Flights.Web.Tests", "TUI.Flights.Web.Tests\TUI.Flights.Web.Tests.csproj", "{31D5D396-88F7-4123-B827-63C222C880D3}"
EndProject
Global
	GlobalSection(SolutionConfigurationPlatforms) = preSolution
		Debug|Any CPU = Debug|Any CPU
		Release|Any CPU = Release|Any CPU
	EndGlobalSection
	GlobalSection(ProjectConfigurationPlatforms) = postSolution
		{A4B19B18-E4AE-4DE5-9D16-F2A87EA82D77}.Debug|Any CPU.ActiveCfg = Debug|Any CPU
		{A4B19B18-E4AE-4DE5-9D16-F2A87EA82D77}.Debug|Any CPU.Build.0 = Debug|Any CPU
		{A4B19B18-E4AE-4DE5-9D16-F2A87EA82D77}.Release|Any CPU.ActiveCfg = Release|Any CPU
		{A4B19B18-E4AE-4DE5-9D16-F2A87EA82D77}.Release|Any CPU.Build.0 = Release|Any CPU
		{7D853C15-6969-49B5-B499-8EA62DF215F8}.Debug|Any CPU.ActiveCfg = Debug|Any CPU
		{7D853C15-6969-49B5-B499-8EA62DF215F8}.Debug|Any CPU.Build.0 = Debug|Any CPU
		{7D853C15-6969-49B5-B499-8EA62DF215F8}.Release|Any CPU.ActiveCfg = Release|Any CPU
		{7D853C15-6969-49B5-B499-8EA62DF215F8}.Release|Any CPU.Build.0 = Release|Any CPU
		{30FBBDEE-DC2A-448D-A6DE-95BD8E3F4B43}.Debug|Any CPU.ActiveCfg = Debug|Any CPU
		{30FBBDEE-DC2A-448D-A6DE-95BD8E3F4B43}.Debug|Any CPU.Build.0 = Debug|Any CPU
		{30FBBDEE-DC2A-448D-A6DE-95BD8E3F4B43}.Release|Any CPU.ActiveCfg = Release|Any CPU
		{30FBBDEE-DC2A-448D-A6DE-95BD8E3F4B43}.Release|Any CPU.Build.0 = Release|Any CPU
		{66A5B82F-5C00-4570-9854-90827E64DF96}.Debug|Any CPU.ActiveCfg = Debug|Any CPU
		{66A5B82F-5C00-4570-9854-90827E64DF96}.Debug|Any CPU.Build.0 = Debug|Any CPU
		{66A5B82F-5C00-4570-9854-90827E64DF96}.Release|Any CPU.ActiveCfg = Release|Any CPU
		{66A5B82F-5C00-4570-9854-90827E64DF96}.Release|Any CPU.Build.0 = Release|Any CPU
		{663E96E1-8BD2-4497-80B7-DFA08BCDD62E}.Debug|Any CPU.ActiveCfg = Debug|Any CPU
		{663E96E1-8BD2-4497-80B7-DFA08BCDD62E}.Debug|Any CPU.Build.0 = Debug|Any CPU
		{663E96E1-8BD2-4497-80B7-DFA08BCDD62E}.Release|Any CPU.ActiveCfg = Release|Any CPU
		{663E96E1-8BD2-4497-80B7-DFA08BCDD62E}.Release|Any CPU.Build.0 = Release|Any CPU
		{A5B67973-C921-4E78-8CBC-62AD8AF247D9}.Debug|Any CPU.ActiveCfg = Debug|Any CPU
		{A5B67973-C921-4E78-8CBC-62AD8AF247D9}.Debug|Any CPU.Build.0 = Debug|Any CPU
		{A5B67973-C921-4E78-8CBC-62AD8AF247D9}.Release|Any CPU.ActiveCfg = Release|Any CPU
		{A5B67973-C921-4E78-8CBC-62AD8AF247D9}.Release|Any CPU.Build.0 = Release|Any CPU
		{31D5D396-88F7-4123-B827-63C222C880D3}.Debug|Any CPU.ActiveCfg = Debug|Any CPU
		{31D5D396-88F7-4123-B827-63C222C880D3}.Debug|Any CPU.Build.0 = Debug|Any CPU
		{31D5D396-88F7-4123-B827-63C222C880D3}.Release|Any CPU.ActiveCfg = Release|Any CPU
		{31D5D396-88F7-4123-B827-63C222C880D3}.Release|Any CPU.Build.0 = Release|Any CPU
	EndGlobalSection
	GlobalSection(SolutionProperties) = preSolution
		HideSolutionNode = FALSE
	EndGlobalSection
	GlobalSection(NestedProjects) = preSolution
		{A4B19B18-E4AE-4DE5-9D16-F2A87EA82D77} = {8CEAFF38-B983-4DCC-A298-BF9412121370}
		{7D853C15-6969-49B5-B499-8EA62DF215F8} = {03E32CC2-1770-4572-9C41-002C35D0FF5F}
		{30FBBDEE-DC2A-448D-A6DE-95BD8E3F4B43} = {294D68F9-BDEE-4B73-AFBC-329D7DA6ACEB}
		{66A5B82F-5C00-4570-9854-90827E64DF96} = {294D68F9-BDEE-4B73-AFBC-329D7DA6ACEB}
		{663E96E1-8BD2-4497-80B7-DFA08BCDD62E} = {03E32CC2-1770-4572-9C41-002C35D0FF5F}
	EndGlobalSection
	GlobalSection(ExtensibilityGlobals) = postSolution
		SolutionGuid = {87D6A759-3CF2-44FA-B8B4-BA15A6033FA4}
	EndGlobalSection
EndGlobal
